
Microsoft Visual Studio Solution File, Format Version 12.00
# Visual Studio 14
VisualStudioVersion = 14.0.25420.1
MinimumVisualStudioVersion = 10.0.40219.1
Project("{FAE04EC0-301F-11D3-BF4B-00C04F79EFBC}") = "Win.Supermercado", "Win.Supermercado\Win.Supermercado.csproj", "{75AFE33F-4715-4640-AC96-861E7876C918}"
EndProject
Project("{FAE04EC0-301F-11D3-BF4B-00C04F79EFBC}") = "BL.Supermercado", "BL.Supermercado\BL.Supermercado.csproj", "{97855942-A58B-4F19-A039-A6821D51822A}"
EndProject
Global
	GlobalSection(SolutionConfigurationPlatforms) = preSolution
		Debug|Any CPU = Debug|Any CPU
		Release|Any CPU = Release|Any CPU
	EndGlobalSection
	GlobalSection(ProjectConfigurationPlatforms) = postSolution
		{75AFE33F-4715-4640-AC96-861E7876C918}.Debug|Any CPU.ActiveCfg = Debug|Any CPU
		{75AFE33F-4715-4640-AC96-861E7876C918}.Debug|Any CPU.Build.0 = Debug|Any CPU
		{75AFE33F-4715-4640-AC96-861E7876C918}.Release|Any CPU.ActiveCfg = Release|Any CPU
		{75AFE33F-4715-4640-AC96-861E7876C918}.Release|Any CPU.Build.0 = Release|Any CPU
		{97855942-A58B-4F19-A039-A6821D51822A}.Debug|Any CPU.ActiveCfg = Debug|Any CPU
		{97855942-A58B-4F19-A039-A6821D51822A}.Debug|Any CPU.Build.0 = Debug|Any CPU
		{97855942-A58B-4F19-A039-A6821D51822A}.Release|Any CPU.ActiveCfg = Release|Any CPU
		{97855942-A58B-4F19-A039-A6821D51822A}.Release|Any CPU.Build.0 = Release|Any CPU
	EndGlobalSection
	GlobalSection(SolutionProperties) = preSolution
		HideSolutionNode = FALSE
	EndGlobalSection
EndGlobal
